{
  "requires": true,
  "lockfileVersion": 1,
  "dependencies": {
    "trackjs": {
      "version": "3.10.1",
      "resolved": "https://registry.npmjs.org/trackjs/-/trackjs-3.10.1.tgz",
      "integrity": "sha512-VehGLBlBKsfSnycBogNza8IFU/TOQ8vxk0u8+0bynAoXoAz41QIZibB2kXy24wWT0EfYPMT8jFqXgYC9pMAAsA=="
    }
  }
}
